
Microsoft Visual Studio Solution File, Format Version 12.00
# Visual Studio Version 16
VisualStudioVersion = 16.0.30717.126
MinimumVisualStudioVersion = 10.0.40219.1
Project("{9A19103F-16F7-4668-BE54-9A1E7A4F7556}") = "Game.Main", "ConsoleApp1\Game.Main.csproj", "{FA322367-13DF-405A-BE0D-AE29B3AFF13B}"
EndProject
Project("{9A19103F-16F7-4668-BE54-9A1E7A4F7556}") = "Game.Library", "Game.Logic\Game.Library.csproj", "{4DD766C8-38AC-42A1-9E7A-97CACFB3C0BF}"
EndProject
Project("{FAE04EC0-301F-11D3-BF4B-00C04F79EFBC}") = "Game.UnitTests", "Game.UnitTests\Game.UnitTests.csproj", "{82A8FF9D-897B-4EAE-952B-429D9648766F}"
EndProject
Global
	GlobalSection(SolutionConfigurationPlatforms) = preSolution
		Debug|Any CPU = Debug|Any CPU
		Release|Any CPU = Release|Any CPU
	EndGlobalSection
	GlobalSection(ProjectConfigurationPlatforms) = postSolution
		{FA322367-13DF-405A-BE0D-AE29B3AFF13B}.Debug|Any CPU.ActiveCfg = Debug|Any CPU
		{FA322367-13DF-405A-BE0D-AE29B3AFF13B}.Debug|Any CPU.Build.0 = Debug|Any CPU
		{FA322367-13DF-405A-BE0D-AE29B3AFF13B}.Release|Any CPU.ActiveCfg = Release|Any CPU
		{FA322367-13DF-405A-BE0D-AE29B3AFF13B}.Release|Any CPU.Build.0 = Release|Any CPU
		{4DD766C8-38AC-42A1-9E7A-97CACFB3C0BF}.Debug|Any CPU.ActiveCfg = Debug|Any CPU
		{4DD766C8-38AC-42A1-9E7A-97CACFB3C0BF}.Debug|Any CPU.Build.0 = Debug|Any CPU
		{4DD766C8-38AC-42A1-9E7A-97CACFB3C0BF}.Release|Any CPU.ActiveCfg = Release|Any CPU
		{4DD766C8-38AC-42A1-9E7A-97CACFB3C0BF}.Release|Any CPU.Build.0 = Release|Any CPU
		{82A8FF9D-897B-4EAE-952B-429D9648766F}.Debug|Any CPU.ActiveCfg = Debug|Any CPU
		{82A8FF9D-897B-4EAE-952B-429D9648766F}.Debug|Any CPU.Build.0 = Debug|Any CPU
		{82A8FF9D-897B-4EAE-952B-429D9648766F}.Release|Any CPU.ActiveCfg = Release|Any CPU
		{82A8FF9D-897B-4EAE-952B-429D9648766F}.Release|Any CPU.Build.0 = Release|Any CPU
	EndGlobalSection
	GlobalSection(SolutionProperties) = preSolution
		HideSolutionNode = FALSE
	EndGlobalSection
	GlobalSection(ExtensibilityGlobals) = postSolution
		SolutionGuid = {0134EE55-B06B-466C-9B50-EC5A30A5D21F}
	EndGlobalSection
EndGlobal
